
Microsoft Visual Studio Solution File, Format Version 12.00
# Visual Studio Version 17
VisualStudioVersion = 17.8.34511.84
MinimumVisualStudioVersion = 10.0.40219.1
Project("{9A19103F-16F7-4668-BE54-9A1E7A4F7556}") = "Conferences.Api", "Services\Conferences.Api\Conferences.Api.csproj", "{CF21F20E-7CE7-4727-8EE5-AFB0CD0D84DB}"
EndProject
Project("{9A19103F-16F7-4668-BE54-9A1E7A4F7556}") = "Conferences.Application", "Services\Conferences.Application\Conferences.Application.csproj", "{D2D4256B-C010-4722-A366-6C0A22885D66}"
EndProject
Project("{9A19103F-16F7-4668-BE54-9A1E7A4F7556}") = "Conferences.Domain", "Services\Conferences.Domain\Conferences.Domain.csproj", "{5349BE6A-A160-4171-BD8A-20EB03CDA60E}"
EndProject
Project("{9A19103F-16F7-4668-BE54-9A1E7A4F7556}") = "Conferences.Infrastructure", "Services\Conferences.Infrastructure\Conferences.Infrastructure.csproj", "{5C223769-7E7F-4AEB-8C4F-CE81C804076F}"
EndProject
Project("{2150E333-8FDC-42A3-9474-1A3956D46DE8}") = "Conferences", "Conferences", "{AC13C78F-A79B-4FDC-9B6D-5DDD3FA90F95}"
EndProject
Project("{E53339B2-1760-4266-BCC7-CA923CBCF16C}") = "docker-compose", "docker-compose.dcproj", "{F072B65B-D3DA-4A42-8F38-211131E6C424}"
EndProject
Project("{9A19103F-16F7-4668-BE54-9A1E7A4F7556}") = "EventStore.Api", "EventStore\EventStore.Api\EventStore.Api.csproj", "{85DD11FD-EC3B-4846-AB95-BEA35892B118}"
EndProject
Project("{2150E333-8FDC-42A3-9474-1A3956D46DE8}") = "EventStore", "EventStore", "{F7F0953D-399C-4EEF-9829-194BDA343817}"
EndProject
Project("{9A19103F-16F7-4668-BE54-9A1E7A4F7556}") = "EventStore.Infrastructure", "EventStore\EventStore.Infrastructure\EventStore.Infrastructure.csproj", "{E116E0F5-A6F1-4561-896E-A9ED700F0371}"
EndProject
Project("{FAE04EC0-301F-11D3-BF4B-00C04F79EFBC}") = "EventStore.Application", "EventStore\EventStore.Application\EventStore.Application.csproj", "{831E8B20-9A85-40BB-B5AE-A699E6FFB930}"
EndProject
Project("{FAE04EC0-301F-11D3-BF4B-00C04F79EFBC}") = "EventStore.Core", "EventStore\EventStore.Core\EventStore.Core.csproj", "{DB2BDFC0-0F28-4681-A890-19A397EEF357}"
EndProject
Global
	GlobalSection(SolutionConfigurationPlatforms) = preSolution
		Debug|Any CPU = Debug|Any CPU
		Release|Any CPU = Release|Any CPU
	EndGlobalSection
	GlobalSection(ProjectConfigurationPlatforms) = postSolution
		{CF21F20E-7CE7-4727-8EE5-AFB0CD0D84DB}.Debug|Any CPU.ActiveCfg = Debug|Any CPU
		{CF21F20E-7CE7-4727-8EE5-AFB0CD0D84DB}.Debug|Any CPU.Build.0 = Debug|Any CPU
		{CF21F20E-7CE7-4727-8EE5-AFB0CD0D84DB}.Release|Any CPU.ActiveCfg = Release|Any CPU
		{CF21F20E-7CE7-4727-8EE5-AFB0CD0D84DB}.Release|Any CPU.Build.0 = Release|Any CPU
		{D2D4256B-C010-4722-A366-6C0A22885D66}.Debug|Any CPU.ActiveCfg = Debug|Any CPU
		{D2D4256B-C010-4722-A366-6C0A22885D66}.Debug|Any CPU.Build.0 = Debug|Any CPU
		{D2D4256B-C010-4722-A366-6C0A22885D66}.Release|Any CPU.ActiveCfg = Release|Any CPU
		{D2D4256B-C010-4722-A366-6C0A22885D66}.Release|Any CPU.Build.0 = Release|Any CPU
		{5349BE6A-A160-4171-BD8A-20EB03CDA60E}.Debug|Any CPU.ActiveCfg = Debug|Any CPU
		{5349BE6A-A160-4171-BD8A-20EB03CDA60E}.Debug|Any CPU.Build.0 = Debug|Any CPU
		{5349BE6A-A160-4171-BD8A-20EB03CDA60E}.Release|Any CPU.ActiveCfg = Release|Any CPU
		{5349BE6A-A160-4171-BD8A-20EB03CDA60E}.Release|Any CPU.Build.0 = Release|Any CPU
		{5C223769-7E7F-4AEB-8C4F-CE81C804076F}.Debug|Any CPU.ActiveCfg = Debug|Any CPU
		{5C223769-7E7F-4AEB-8C4F-CE81C804076F}.Debug|Any CPU.Build.0 = Debug|Any CPU
		{5C223769-7E7F-4AEB-8C4F-CE81C804076F}.Release|Any CPU.ActiveCfg = Release|Any CPU
		{5C223769-7E7F-4AEB-8C4F-CE81C804076F}.Release|Any CPU.Build.0 = Release|Any CPU
		{F072B65B-D3DA-4A42-8F38-211131E6C424}.Debug|Any CPU.ActiveCfg = Debug|Any CPU
		{F072B65B-D3DA-4A42-8F38-211131E6C424}.Debug|Any CPU.Build.0 = Debug|Any CPU
		{F072B65B-D3DA-4A42-8F38-211131E6C424}.Release|Any CPU.ActiveCfg = Release|Any CPU
		{F072B65B-D3DA-4A42-8F38-211131E6C424}.Release|Any CPU.Build.0 = Release|Any CPU
		{85DD11FD-EC3B-4846-AB95-BEA35892B118}.Debug|Any CPU.ActiveCfg = Debug|Any CPU
		{85DD11FD-EC3B-4846-AB95-BEA35892B118}.Debug|Any CPU.Build.0 = Debug|Any CPU
		{85DD11FD-EC3B-4846-AB95-BEA35892B118}.Release|Any CPU.ActiveCfg = Release|Any CPU
		{85DD11FD-EC3B-4846-AB95-BEA35892B118}.Release|Any CPU.Build.0 = Release|Any CPU
		{E116E0F5-A6F1-4561-896E-A9ED700F0371}.Debug|Any CPU.ActiveCfg = Debug|Any CPU
		{E116E0F5-A6F1-4561-896E-A9ED700F0371}.Debug|Any CPU.Build.0 = Debug|Any CPU
		{E116E0F5-A6F1-4561-896E-A9ED700F0371}.Release|Any CPU.ActiveCfg = Release|Any CPU
		{E116E0F5-A6F1-4561-896E-A9ED700F0371}.Release|Any CPU.Build.0 = Release|Any CPU
		{831E8B20-9A85-40BB-B5AE-A699E6FFB930}.Debug|Any CPU.ActiveCfg = Debug|Any CPU
		{831E8B20-9A85-40BB-B5AE-A699E6FFB930}.Debug|Any CPU.Build.0 = Debug|Any CPU
		{831E8B20-9A85-40BB-B5AE-A699E6FFB930}.Release|Any CPU.ActiveCfg = Release|Any CPU
		{831E8B20-9A85-40BB-B5AE-A699E6FFB930}.Release|Any CPU.Build.0 = Release|Any CPU
		{DB2BDFC0-0F28-4681-A890-19A397EEF357}.Debug|Any CPU.ActiveCfg = Debug|Any CPU
		{DB2BDFC0-0F28-4681-A890-19A397EEF357}.Debug|Any CPU.Build.0 = Debug|Any CPU
		{DB2BDFC0-0F28-4681-A890-19A397EEF357}.Release|Any CPU.ActiveCfg = Release|Any CPU
		{DB2BDFC0-0F28-4681-A890-19A397EEF357}.Release|Any CPU.Build.0 = Release|Any CPU
	EndGlobalSection
	GlobalSection(SolutionProperties) = preSolution
		HideSolutionNode = FALSE
	EndGlobalSection
	GlobalSection(NestedProjects) = preSolution
		{CF21F20E-7CE7-4727-8EE5-AFB0CD0D84DB} = {AC13C78F-A79B-4FDC-9B6D-5DDD3FA90F95}
		{D2D4256B-C010-4722-A366-6C0A22885D66} = {AC13C78F-A79B-4FDC-9B6D-5DDD3FA90F95}
		{5349BE6A-A160-4171-BD8A-20EB03CDA60E} = {AC13C78F-A79B-4FDC-9B6D-5DDD3FA90F95}
		{5C223769-7E7F-4AEB-8C4F-CE81C804076F} = {AC13C78F-A79B-4FDC-9B6D-5DDD3FA90F95}
		{85DD11FD-EC3B-4846-AB95-BEA35892B118} = {F7F0953D-399C-4EEF-9829-194BDA343817}
		{E116E0F5-A6F1-4561-896E-A9ED700F0371} = {F7F0953D-399C-4EEF-9829-194BDA343817}
		{831E8B20-9A85-40BB-B5AE-A699E6FFB930} = {F7F0953D-399C-4EEF-9829-194BDA343817}
		{DB2BDFC0-0F28-4681-A890-19A397EEF357} = {F7F0953D-399C-4EEF-9829-194BDA343817}
	EndGlobalSection
	GlobalSection(ExtensibilityGlobals) = postSolution
		SolutionGuid = {084866C3-E612-416F-9B93-C11B58695B18}
	EndGlobalSection
EndGlobal
